{
    "_readme": [
        "This file locks the dependencies of your project to a known state",
        "Read more about it at https://getcomposer.org/doc/01-basic-usage.md#installing-dependencies",
        "This file is @generated automatically"
    ],
    "content-hash": "71a234a4a77156a7954151385de5d8da",
    "packages": [
        {
            "name": "nikic/fast-route",
            "version": "v1.3.0",
            "source": {
                "type": "git",
                "url": "https://github.com/nikic/FastRoute.git",
                "reference": "181d480e08d9476e61381e04a71b34dc0432e812"
            },
            "dist": {
                "type": "zip",
                "url": "https://api.github.com/repos/nikic/FastRoute/zipball/181d480e08d9476e61381e04a71b34dc0432e812",
                "reference": "181d480e08d9476e61381e04a71b34dc0432e812",
                "shasum": ""
            },
            "require": {
                "php": ">=5.4.0"
            },
            "require-dev": {
                "phpunit/phpunit": "^4.8.35|~5.7"
            },
            "type": "library",
            "autoload": {
                "psr-4": {
                    "FastRoute\\": "src/"
                },
                "files": [
                    "src/functions.php"
                ]
            },
            "notification-url": "https://packagist.org/downloads/",
            "license": [
                "BSD-3-Clause"
            ],
            "authors": [
                {
                    "name": "Nikita Popov",
                    "email": "nikic@php.net"
                }
            ],
            "description": "Fast request router for PHP",
            "keywords": [
                "router",
                "routing"
            ],
            "support": {
                "issues": "https://github.com/nikic/FastRoute/issues",
                "source": "https://github.com/nikic/FastRoute/tree/master"
            },
            "time": "2018-02-13T20:26:39+00:00"
        },
        {
            "name": "withinboredom/dapr-in-php",
            "version": "v0.1.0",
            "source": {
                "type": "git",
                "url": "https://github.com/withinboredom/dapr-in-php.git",
                "reference": "3621a6f834ebb100c8b1a03f383f5b01214ad119"
            },
            "dist": {
                "type": "zip",
                "url": "https://api.github.com/repos/withinboredom/dapr-in-php/zipball/3621a6f834ebb100c8b1a03f383f5b01214ad119",
                "reference": "3621a6f834ebb100c8b1a03f383f5b01214ad119",
                "shasum": ""
            },
            "require": {
                "ext-curl": "*",
                "ext-json": "*",
                "ext-mbstring": "*"
            },
            "require-dev": {
                "ext-xdebug": "*"
            },
            "type": "library",
            "autoload": {
                "psr-4": {
                    "Dapr\\": "src/lib",
                    "Dapr\\TestActors\\": "test/actors"
                }
            },
            "notification-url": "https://packagist.org/downloads/",
            "license": [
                "GPL-3.0-or-later"
            ],
            "authors": [
                {
                    "name": "Rob Landers",
                    "email": "landers.robert@gmail.com"
                }
            ],
            "description": "Dapr Implementation in PHP",
            "support": {
                "issues": "https://github.com/withinboredom/dapr-in-php/issues",
                "source": "https://github.com/withinboredom/dapr-in-php/tree/v0.1.0"
            },
            "time": "2020-11-30T23:20:50+00:00"
        }
    ],
    "packages-dev": [],
    "aliases": [],
    "minimum-stability": "stable",
    "stability-flags": [],
    "prefer-stable": false,
    "prefer-lowest": false,
    "platform": [],
    "platform-dev": [],
    "plugin-api-version": "2.0.0"
}
